
Microsoft Visual Studio Solution File, Format Version 12.00
# Visual Studio Version 17
VisualStudioVersion = 17.6.33801.468
MinimumVisualStudioVersion = 10.0.40219.1
Project("{FAE04EC0-301F-11D3-BF4B-00C04F79EFBC}") = "SpeedyAir", "SpeedyAir.csproj", "{06515CE1-7820-4906-8AEF-29913BE3D3FE}"
EndProject
Global
	GlobalSection(SolutionConfigurationPlatforms) = preSolution
		Debug|Any CPU = Debug|Any CPU
		Release|Any CPU = Release|Any CPU
	EndGlobalSection
	GlobalSection(ProjectConfigurationPlatforms) = postSolution
		{06515CE1-7820-4906-8AEF-29913BE3D3FE}.Debug|Any CPU.ActiveCfg = Debug|Any CPU
		{06515CE1-7820-4906-8AEF-29913BE3D3FE}.Debug|Any CPU.Build.0 = Debug|Any CPU
		{06515CE1-7820-4906-8AEF-29913BE3D3FE}.Release|Any CPU.ActiveCfg = Release|Any CPU
		{06515CE1-7820-4906-8AEF-29913BE3D3FE}.Release|Any CPU.Build.0 = Release|Any CPU
	EndGlobalSection
	GlobalSection(SolutionProperties) = preSolution
		HideSolutionNode = FALSE
	EndGlobalSection
	GlobalSection(ExtensibilityGlobals) = postSolution
		SolutionGuid = {67CB013E-3BAE-40D5-BE3A-ADD29E4DE35E}
	EndGlobalSection
EndGlobal
